
Microsoft Visual Studio Solution File, Format Version 12.00
# Visual Studio Version 17
VisualStudioVersion = 17.0.32014.148
MinimumVisualStudioVersion = 10.0.40219.1
Project("{FAE04EC0-301F-11D3-BF4B-00C04F79EFBC}") = "QueueLinkedList", "QueueLinkedList\QueueLinkedList.csproj", "{39830623-9676-4462-9382-13773373F3AE}"
EndProject
Global
	GlobalSection(SolutionConfigurationPlatforms) = preSolution
		Debug|Any CPU = Debug|Any CPU
		Release|Any CPU = Release|Any CPU
	EndGlobalSection
	GlobalSection(ProjectConfigurationPlatforms) = postSolution
		{39830623-9676-4462-9382-13773373F3AE}.Debug|Any CPU.ActiveCfg = Debug|Any CPU
		{39830623-9676-4462-9382-13773373F3AE}.Debug|Any CPU.Build.0 = Debug|Any CPU
		{39830623-9676-4462-9382-13773373F3AE}.Release|Any CPU.ActiveCfg = Release|Any CPU
		{39830623-9676-4462-9382-13773373F3AE}.Release|Any CPU.Build.0 = Release|Any CPU
	EndGlobalSection
	GlobalSection(SolutionProperties) = preSolution
		HideSolutionNode = FALSE
	EndGlobalSection
	GlobalSection(ExtensibilityGlobals) = postSolution
		SolutionGuid = {C52DA374-7278-4BBE-98DD-53C836577EDC}
	EndGlobalSection
EndGlobal
